
Microsoft Visual Studio Solution File, Format Version 12.00
# Visual Studio Version 17
VisualStudioVersion = 17.9.34728.123
MinimumVisualStudioVersion = 10.0.40219.1
Project("{FAE04EC0-301F-11D3-BF4B-00C04F79EFBC}") = "Holis", "Holis.csproj", "{FFF3C180-0F42-4B01-BA66-825DC65E6029}"
EndProject
Global
	GlobalSection(SolutionConfigurationPlatforms) = preSolution
		Debug|Any CPU = Debug|Any CPU
		Release|Any CPU = Release|Any CPU
	EndGlobalSection
	GlobalSection(ProjectConfigurationPlatforms) = postSolution
		{FFF3C180-0F42-4B01-BA66-825DC65E6029}.Debug|Any CPU.ActiveCfg = Debug|Any CPU
		{FFF3C180-0F42-4B01-BA66-825DC65E6029}.Debug|Any CPU.Build.0 = Debug|Any CPU
		{FFF3C180-0F42-4B01-BA66-825DC65E6029}.Release|Any CPU.ActiveCfg = Release|Any CPU
		{FFF3C180-0F42-4B01-BA66-825DC65E6029}.Release|Any CPU.Build.0 = Release|Any CPU
	EndGlobalSection
	GlobalSection(SolutionProperties) = preSolution
		HideSolutionNode = FALSE
	EndGlobalSection
	GlobalSection(ExtensibilityGlobals) = postSolution
		SolutionGuid = {19AA1C20-C235-4A73-9237-D83BB3A30F3C}
	EndGlobalSection
EndGlobal
